
Microsoft Visual Studio Solution File, Format Version 12.00
# Visual Studio Version 17
VisualStudioVersion = 17.7.34031.279
MinimumVisualStudioVersion = 10.0.40219.1
Project("{9A19103F-16F7-4668-BE54-9A1E7A4F7556}") = "The Movies.Domain", "The Movies\The Movies.Domain.csproj", "{A915A88C-20F7-4BEB-844F-8A239FE87771}"
EndProject
Project("{9A19103F-16F7-4668-BE54-9A1E7A4F7556}") = "The Movies.DataAcess", "The Movies.DataAcess\The Movies.DataAcess.csproj", "{447CDF91-3675-4B0E-A162-470C7016DC20}"
EndProject
Project("{9A19103F-16F7-4668-BE54-9A1E7A4F7556}") = "WPF_The_Movies", "WPF_The_Movies\WPF_The_Movies.csproj", "{A5F3B6CD-0087-422C-B884-DC4EEBFB8E7D}"
EndProject
Global
	GlobalSection(SolutionConfigurationPlatforms) = preSolution
		Debug|Any CPU = Debug|Any CPU
		Release|Any CPU = Release|Any CPU
	EndGlobalSection
	GlobalSection(ProjectConfigurationPlatforms) = postSolution
		{A915A88C-20F7-4BEB-844F-8A239FE87771}.Debug|Any CPU.ActiveCfg = Debug|Any CPU
		{A915A88C-20F7-4BEB-844F-8A239FE87771}.Debug|Any CPU.Build.0 = Debug|Any CPU
		{A915A88C-20F7-4BEB-844F-8A239FE87771}.Release|Any CPU.ActiveCfg = Release|Any CPU
		{A915A88C-20F7-4BEB-844F-8A239FE87771}.Release|Any CPU.Build.0 = Release|Any CPU
		{447CDF91-3675-4B0E-A162-470C7016DC20}.Debug|Any CPU.ActiveCfg = Debug|Any CPU
		{447CDF91-3675-4B0E-A162-470C7016DC20}.Debug|Any CPU.Build.0 = Debug|Any CPU
		{447CDF91-3675-4B0E-A162-470C7016DC20}.Release|Any CPU.ActiveCfg = Release|Any CPU
		{447CDF91-3675-4B0E-A162-470C7016DC20}.Release|Any CPU.Build.0 = Release|Any CPU
		{A5F3B6CD-0087-422C-B884-DC4EEBFB8E7D}.Debug|Any CPU.ActiveCfg = Debug|Any CPU
		{A5F3B6CD-0087-422C-B884-DC4EEBFB8E7D}.Debug|Any CPU.Build.0 = Debug|Any CPU
		{A5F3B6CD-0087-422C-B884-DC4EEBFB8E7D}.Release|Any CPU.ActiveCfg = Release|Any CPU
		{A5F3B6CD-0087-422C-B884-DC4EEBFB8E7D}.Release|Any CPU.Build.0 = Release|Any CPU
	EndGlobalSection
	GlobalSection(SolutionProperties) = preSolution
		HideSolutionNode = FALSE
	EndGlobalSection
	GlobalSection(ExtensibilityGlobals) = postSolution
		SolutionGuid = {A67FE51F-26F6-45F9-A2DF-8D3C6CA15242}
	EndGlobalSection
EndGlobal
